git.macaw.me/skunky/devianter v0.2.5 h1:aAc6CG/ghvG130Ob7gGUdK4IV3MSeCD5t3QIJjto1M0=
git.macaw.me/skunky/devianter v0.2.5/go.mod h1:ZLn527xBlnpXrUB1B8z/MhyeiWVK4nPWjyfnhWOE8Is=
golang.org/x/net v0.27.0 h1:5K3Njcw06/l2y9vpGCSdcxWOYHOUk3dVNGDXN+FvAys=
golang.org/x/net v0.27.0/go.mod h1:dDi0PyhWNoiUOrAS8uXv/vnScO4wnHQO4mj9fn/RytE=
